
Microsoft Visual Studio Solution File, Format Version 12.00
# Visual Studio Version 17
VisualStudioVersion = 17.7.34018.315
MinimumVisualStudioVersion = 10.0.40219.1
Project("{FAE04EC0-301F-11D3-BF4B-00C04F79EFBC}") = "GameProject2", "GameProject2\GameProject2.csproj", "{BE0DFC19-AA75-4923-A96C-A6922333C88E}"
EndProject
Global
	GlobalSection(SolutionConfigurationPlatforms) = preSolution
		Debug|Any CPU = Debug|Any CPU
		Release|Any CPU = Release|Any CPU
	EndGlobalSection
	GlobalSection(ProjectConfigurationPlatforms) = postSolution
		{BE0DFC19-AA75-4923-A96C-A6922333C88E}.Debug|Any CPU.ActiveCfg = Debug|Any CPU
		{BE0DFC19-AA75-4923-A96C-A6922333C88E}.Debug|Any CPU.Build.0 = Debug|Any CPU
		{BE0DFC19-AA75-4923-A96C-A6922333C88E}.Release|Any CPU.ActiveCfg = Release|Any CPU
		{BE0DFC19-AA75-4923-A96C-A6922333C88E}.Release|Any CPU.Build.0 = Release|Any CPU
	EndGlobalSection
	GlobalSection(SolutionProperties) = preSolution
		HideSolutionNode = FALSE
	EndGlobalSection
	GlobalSection(ExtensibilityGlobals) = postSolution
		SolutionGuid = {9CD8C080-CF87-4B8C-AEB8-8D9E6ED70E52}
	EndGlobalSection
EndGlobal
